{
  "name": "src",
  "lockfileVersion": 3,
  "requires": true,
  "packages": {
    "": {
      "dependencies": {
        "freemarket-frontend": "file:.."
      }
    },
    "..": {
      "name": "freemarket-frontend",
      "version": "1.0.0",
      "dependencies": {
        "axios": "^1.12.2",
        "react": "^18.2.0",
        "react-dom": "^18.2.0",
        "react-router-dom": "^7.9.3",
        "react-scripts": "5.0.1"
      }
    },
    "node_modules/freemarket-frontend": {
      "resolved": "..",
      "link": true
    }
  }
}
